<Solution>
  <Folder Name="/src/">
    <Project Path="src/BuildingBlocks.Caching/BuildingBlocks.Caching.csproj" />
    <Project Path="src/BuildingBlocks.Contracts/BuildingBlocks.Contracts.csproj" />
    <Project Path="src/BuildingBlocks.Messaging/BuildingBlocks.Messaging.csproj" />
    <Project Path="src/BuildingBlocks.Observability/BuildingBlocks.Observability.csproj" />
    <Project Path="src/BuildingBlocks.Persistence/BuildingBlocks.Persistence.csproj" />
    <Project Path="src/BuildingBlocks.Resilience/BuildingBlocks.Resilience.csproj" />
    <Project Path="src/Cart.Service/Cart.Service.csproj" />
    <Project Path="src/Catalog.Service/Catalog.Service.csproj" />
    <Project Path="src/DlqRedriveTool/DlqRedriveTool.csproj" />
    <Project Path="src/Inventory.Service/Inventory.Service.csproj" />
    <Project Path="src/Orders.Api/Orders.Api.csproj" />
    <Project Path="src/Orders.Application/Orders.Application.csproj" />
    <Project Path="src/Orders.Domain/Orders.Domain.csproj" />
    <Project Path="src/Orders.Infrastructure/Orders.Infrastructure.csproj" />
    <Project Path="src/Orders.Worker/Orders.Worker.csproj" />
    <Project Path="src/Payments.Service/Payments.Service.csproj" />
    <Project Path="src/Storefront.Service/Storefront.Service.csproj" />
  </Folder>
  <Folder Name="/tests/">
    <Project Path="tests/Cart.IntegrationTests/Cart.IntegrationTests.csproj" />
    <Project Path="tests/Catalog.IntegrationTests/Catalog.IntegrationTests.csproj" />
    <Project Path="tests/Inventory.IntegrationTests/Inventory.IntegrationTests.csproj" />
    <Project Path="tests/Orders.ArchitectureTests/Orders.ArchitectureTests.csproj" />
    <Project Path="tests/Orders.ContractTests/Orders.ContractTests.csproj" />
    <Project Path="tests/Orders.IntegrationTests/Orders.IntegrationTests.csproj" />
    <Project Path="tests/Orders.UnitTests/Orders.UnitTests.csproj" />
    <Project Path="tests/Services.ArchitectureTests/Services.ArchitectureTests.csproj" />
    <Project Path="tests/Storefront.UnitTests/Storefront.UnitTests.csproj" />
  </Folder>
</Solution>
